
Microsoft Visual Studio Solution File, Format Version 12.00
# Visual Studio Version 16
VisualStudioVersion = 16.0.30611.23
MinimumVisualStudioVersion = 10.0.40219.1
Project("{FAE04EC0-301F-11D3-BF4B-00C04F79EFBC}") = "AeroApp", "AeroApp\AeroApp.csproj", "{4A3E4FB5-E0D9-4B52-A8C6-65DA467100A4}"
EndProject
Global
	GlobalSection(SolutionConfigurationPlatforms) = preSolution
		Debug|Any CPU = Debug|Any CPU
		Release|Any CPU = Release|Any CPU
	EndGlobalSection
	GlobalSection(ProjectConfigurationPlatforms) = postSolution
		{4A3E4FB5-E0D9-4B52-A8C6-65DA467100A4}.Debug|Any CPU.ActiveCfg = Debug|Any CPU
		{4A3E4FB5-E0D9-4B52-A8C6-65DA467100A4}.Debug|Any CPU.Build.0 = Debug|Any CPU
		{4A3E4FB5-E0D9-4B52-A8C6-65DA467100A4}.Release|Any CPU.ActiveCfg = Release|Any CPU
		{4A3E4FB5-E0D9-4B52-A8C6-65DA467100A4}.Release|Any CPU.Build.0 = Release|Any CPU
	EndGlobalSection
	GlobalSection(SolutionProperties) = preSolution
		HideSolutionNode = FALSE
	EndGlobalSection
	GlobalSection(ExtensibilityGlobals) = postSolution
		SolutionGuid = {315380B3-5959-4E6E-BA56-818F275C1EB9}
	EndGlobalSection
EndGlobal
